
Microsoft Visual Studio Solution File, Format Version 12.00
# Visual Studio Version 17
VisualStudioVersion = 17.11.35312.102
MinimumVisualStudioVersion = 10.0.40219.1
Project("{9A19103F-16F7-4668-BE54-9A1E7A4F7556}") = "sachssoft.Colors", "Core\sachssoft.Colors.csproj", "{71072A57-F1E1-4125-9B9A-86E3B3E885EE}"
EndProject
Project("{9A19103F-16F7-4668-BE54-9A1E7A4F7556}") = "sachssoft.Monogame.Colors", "Monogame\sachssoft.Monogame.Colors.csproj", "{8D949DEB-2FFE-495E-BEEF-B844CDFC21B1}"
EndProject
Project("{9A19103F-16F7-4668-BE54-9A1E7A4F7556}") = "sachssoft.Avalonia.Colors", "Avalonia\sachssoft.Avalonia.Colors.csproj", "{7D4783C1-5BC3-45D7-AB2B-7E49D34D6604}"
EndProject
Project("{9A19103F-16F7-4668-BE54-9A1E7A4F7556}") = "sachssoft.Drawing.Colors", "Drawing\sachssoft.Drawing.Colors.csproj", "{35A5F851-15C4-4E22-9897-D956D2B4AB74}"
EndProject
Project("{9A19103F-16F7-4668-BE54-9A1E7A4F7556}") = "sachssoft.Skia.Colors", "Skia\sachssoft.Skia.Colors.csproj", "{2062A7B3-8258-47E2-A80A-20E799E05322}"
EndProject
Project("{9A19103F-16F7-4668-BE54-9A1E7A4F7556}") = "sachssoft.WPF.Colors", "WPF\sachssoft.WPF.Colors.csproj", "{3C5204F1-00F0-43C3-9B0C-8E23CB9F3C7C}"
EndProject
Global
	GlobalSection(SolutionConfigurationPlatforms) = preSolution
		Debug|Any CPU = Debug|Any CPU
		Release|Any CPU = Release|Any CPU
	EndGlobalSection
	GlobalSection(ProjectConfigurationPlatforms) = postSolution
		{71072A57-F1E1-4125-9B9A-86E3B3E885EE}.Debug|Any CPU.ActiveCfg = Debug|Any CPU
		{71072A57-F1E1-4125-9B9A-86E3B3E885EE}.Debug|Any CPU.Build.0 = Debug|Any CPU
		{71072A57-F1E1-4125-9B9A-86E3B3E885EE}.Release|Any CPU.ActiveCfg = Release|Any CPU
		{71072A57-F1E1-4125-9B9A-86E3B3E885EE}.Release|Any CPU.Build.0 = Release|Any CPU
		{8D949DEB-2FFE-495E-BEEF-B844CDFC21B1}.Debug|Any CPU.ActiveCfg = Debug|Any CPU
		{8D949DEB-2FFE-495E-BEEF-B844CDFC21B1}.Debug|Any CPU.Build.0 = Debug|Any CPU
		{8D949DEB-2FFE-495E-BEEF-B844CDFC21B1}.Release|Any CPU.ActiveCfg = Release|Any CPU
		{8D949DEB-2FFE-495E-BEEF-B844CDFC21B1}.Release|Any CPU.Build.0 = Release|Any CPU
		{7D4783C1-5BC3-45D7-AB2B-7E49D34D6604}.Debug|Any CPU.ActiveCfg = Debug|Any CPU
		{7D4783C1-5BC3-45D7-AB2B-7E49D34D6604}.Debug|Any CPU.Build.0 = Debug|Any CPU
		{7D4783C1-5BC3-45D7-AB2B-7E49D34D6604}.Release|Any CPU.ActiveCfg = Release|Any CPU
		{7D4783C1-5BC3-45D7-AB2B-7E49D34D6604}.Release|Any CPU.Build.0 = Release|Any CPU
		{35A5F851-15C4-4E22-9897-D956D2B4AB74}.Debug|Any CPU.ActiveCfg = Debug|Any CPU
		{35A5F851-15C4-4E22-9897-D956D2B4AB74}.Debug|Any CPU.Build.0 = Debug|Any CPU
		{35A5F851-15C4-4E22-9897-D956D2B4AB74}.Release|Any CPU.ActiveCfg = Release|Any CPU
		{35A5F851-15C4-4E22-9897-D956D2B4AB74}.Release|Any CPU.Build.0 = Release|Any CPU
		{2062A7B3-8258-47E2-A80A-20E799E05322}.Debug|Any CPU.ActiveCfg = Debug|Any CPU
		{2062A7B3-8258-47E2-A80A-20E799E05322}.Debug|Any CPU.Build.0 = Debug|Any CPU
		{2062A7B3-8258-47E2-A80A-20E799E05322}.Release|Any CPU.ActiveCfg = Release|Any CPU
		{2062A7B3-8258-47E2-A80A-20E799E05322}.Release|Any CPU.Build.0 = Release|Any CPU
		{3C5204F1-00F0-43C3-9B0C-8E23CB9F3C7C}.Debug|Any CPU.ActiveCfg = Debug|Any CPU
		{3C5204F1-00F0-43C3-9B0C-8E23CB9F3C7C}.Debug|Any CPU.Build.0 = Debug|Any CPU
		{3C5204F1-00F0-43C3-9B0C-8E23CB9F3C7C}.Release|Any CPU.ActiveCfg = Release|Any CPU
		{3C5204F1-00F0-43C3-9B0C-8E23CB9F3C7C}.Release|Any CPU.Build.0 = Release|Any CPU
	EndGlobalSection
	GlobalSection(SolutionProperties) = preSolution
		HideSolutionNode = FALSE
	EndGlobalSection
	GlobalSection(ExtensibilityGlobals) = postSolution
		SolutionGuid = {A9440EEC-15E6-4A41-A965-9D0065FC315A}
	EndGlobalSection
EndGlobal
